
Microsoft Visual Studio Solution File, Format Version 12.00
# Visual Studio Version 16
VisualStudioVersion = 16.0.30717.126
MinimumVisualStudioVersion = 10.0.40219.1
Project("{8BC9CEB8-8B4A-11D0-8D11-00A0C91BC942}") = "XREntrypoint", "XREntrypoint\XREntrypoint.vcxproj", "{77214991-5C66-4213-9FA1-C447596F3EFC}"
	ProjectSection(ProjectDependencies) = postProject
		{97949D4A-FD50-45B9-B0EB-6F231564EA3E} = {97949D4A-FD50-45B9-B0EB-6F231564EA3E}
		{F8BF6CF0-A168-4EE7-A71C-9462A21B2386} = {F8BF6CF0-A168-4EE7-A71C-9462A21B2386}
		{66E3C0F6-F9AB-4C36-AE40-5CA2B4F18E16} = {66E3C0F6-F9AB-4C36-AE40-5CA2B4F18E16}
	EndProjectSection
EndProject
Project("{8BC9CEB8-8B4A-11D0-8D11-00A0C91BC942}") = "XRFrameworkBase", "XRFrameworkBase\XRFrameworkBase.vcxproj", "{F8BF6CF0-A168-4EE7-A71C-9462A21B2386}"
EndProject
Project("{8BC9CEB8-8B4A-11D0-8D11-00A0C91BC942}") = "XRSceneTest", "XRSceneTest\XRSceneTest.vcxproj", "{97949D4A-FD50-45B9-B0EB-6F231564EA3E}"
	ProjectSection(ProjectDependencies) = postProject
		{F8BF6CF0-A168-4EE7-A71C-9462A21B2386} = {F8BF6CF0-A168-4EE7-A71C-9462A21B2386}
	EndProjectSection
EndProject
Project("{8BC9CEB8-8B4A-11D0-8D11-00A0C91BC942}") = "XRRenderEngineGL", "XRRenderEngineGL\XRRenderEngineGL.vcxproj", "{66E3C0F6-F9AB-4C36-AE40-5CA2B4F18E16}"
	ProjectSection(ProjectDependencies) = postProject
		{F8BF6CF0-A168-4EE7-A71C-9462A21B2386} = {F8BF6CF0-A168-4EE7-A71C-9462A21B2386}
	EndProjectSection
EndProject
Project("{2150E333-8FDC-42A3-9474-1A3956D46DE8}") = "Solution Items", "Solution Items", "{572FF8C3-173B-4564-8A32-DB2C6FC17A27}"
	ProjectSection(SolutionItems) = preProject
		.editorconfig = .editorconfig
	EndProjectSection
EndProject
Global
	GlobalSection(SolutionConfigurationPlatforms) = preSolution
		Debug|x64 = Debug|x64
		Debug|x86 = Debug|x86
		Release|x64 = Release|x64
		Release|x86 = Release|x86
	EndGlobalSection
	GlobalSection(ProjectConfigurationPlatforms) = postSolution
		{77214991-5C66-4213-9FA1-C447596F3EFC}.Debug|x64.ActiveCfg = Debug|x64
		{77214991-5C66-4213-9FA1-C447596F3EFC}.Debug|x64.Build.0 = Debug|x64
		{77214991-5C66-4213-9FA1-C447596F3EFC}.Debug|x86.ActiveCfg = Debug|Win32
		{77214991-5C66-4213-9FA1-C447596F3EFC}.Debug|x86.Build.0 = Debug|Win32
		{77214991-5C66-4213-9FA1-C447596F3EFC}.Release|x64.ActiveCfg = Release|x64
		{77214991-5C66-4213-9FA1-C447596F3EFC}.Release|x64.Build.0 = Release|x64
		{77214991-5C66-4213-9FA1-C447596F3EFC}.Release|x86.ActiveCfg = Release|Win32
		{77214991-5C66-4213-9FA1-C447596F3EFC}.Release|x86.Build.0 = Release|Win32
		{F8BF6CF0-A168-4EE7-A71C-9462A21B2386}.Debug|x64.ActiveCfg = Debug|x64
		{F8BF6CF0-A168-4EE7-A71C-9462A21B2386}.Debug|x64.Build.0 = Debug|x64
		{F8BF6CF0-A168-4EE7-A71C-9462A21B2386}.Debug|x86.ActiveCfg = Debug|Win32
		{F8BF6CF0-A168-4EE7-A71C-9462A21B2386}.Debug|x86.Build.0 = Debug|Win32
		{F8BF6CF0-A168-4EE7-A71C-9462A21B2386}.Release|x64.ActiveCfg = Release|x64
		{F8BF6CF0-A168-4EE7-A71C-9462A21B2386}.Release|x64.Build.0 = Release|x64
		{F8BF6CF0-A168-4EE7-A71C-9462A21B2386}.Release|x86.ActiveCfg = Release|Win32
		{F8BF6CF0-A168-4EE7-A71C-9462A21B2386}.Release|x86.Build.0 = Release|Win32
		{97949D4A-FD50-45B9-B0EB-6F231564EA3E}.Debug|x64.ActiveCfg = Debug|x64
		{97949D4A-FD50-45B9-B0EB-6F231564EA3E}.Debug|x64.Build.0 = Debug|x64
		{97949D4A-FD50-45B9-B0EB-6F231564EA3E}.Debug|x86.ActiveCfg = Debug|Win32
		{97949D4A-FD50-45B9-B0EB-6F231564EA3E}.Debug|x86.Build.0 = Debug|Win32
		{97949D4A-FD50-45B9-B0EB-6F231564EA3E}.Release|x64.ActiveCfg = Release|x64
		{97949D4A-FD50-45B9-B0EB-6F231564EA3E}.Release|x64.Build.0 = Release|x64
		{97949D4A-FD50-45B9-B0EB-6F231564EA3E}.Release|x86.ActiveCfg = Release|Win32
		{97949D4A-FD50-45B9-B0EB-6F231564EA3E}.Release|x86.Build.0 = Release|Win32
		{66E3C0F6-F9AB-4C36-AE40-5CA2B4F18E16}.Debug|x64.ActiveCfg = Debug|x64
		{66E3C0F6-F9AB-4C36-AE40-5CA2B4F18E16}.Debug|x64.Build.0 = Debug|x64
		{66E3C0F6-F9AB-4C36-AE40-5CA2B4F18E16}.Debug|x86.ActiveCfg = Debug|Win32
		{66E3C0F6-F9AB-4C36-AE40-5CA2B4F18E16}.Debug|x86.Build.0 = Debug|Win32
		{66E3C0F6-F9AB-4C36-AE40-5CA2B4F18E16}.Release|x64.ActiveCfg = Release|x64
		{66E3C0F6-F9AB-4C36-AE40-5CA2B4F18E16}.Release|x64.Build.0 = Release|x64
		{66E3C0F6-F9AB-4C36-AE40-5CA2B4F18E16}.Release|x86.ActiveCfg = Release|Win32
		{66E3C0F6-F9AB-4C36-AE40-5CA2B4F18E16}.Release|x86.Build.0 = Release|Win32
	EndGlobalSection
	GlobalSection(SolutionProperties) = preSolution
		HideSolutionNode = FALSE
	EndGlobalSection
	GlobalSection(ExtensibilityGlobals) = postSolution
		SolutionGuid = {02BE5A28-7A17-49F8-B75A-866990B1E72B}
	EndGlobalSection
EndGlobal
