<?xml version="1.0" encoding="utf-8"?>
<Project ToolsVersion="4.0" xmlns="http://schemas.microsoft.com/developer/msbuild/2003">
  <ItemGroup>
    <Filter Include="Source Files">
      <UniqueIdentifier>{4FC737F1-C7A5-4376-A066-2A32D752A2FF}</UniqueIdentifier>
      <Extensions>cpp;c;cc;cxx;c++;cppm;ixx;def;odl;idl;hpj;bat;asm;asmx</Extensions>
    </Filter>
    <Filter Include="Resource Files">
      <UniqueIdentifier>{67DA6AB6-F800-4c08-8B7A-83BB121AAD01}</UniqueIdentifier>
      <Extensions>rc;ico;cur;bmp;dlg;rc2;rct;bin;rgs;gif;jpg;jpeg;jpe;resx;tiff;tif;png;wav;mfcribbon-ms</Extensions>
    </Filter>
    <Filter Include="Win32">
      <UniqueIdentifier>{93995380-89BD-4b04-88EB-625FBE52EBFB}</UniqueIdentifier>
      <Extensions>h;hh;hpp;hxx;h++;hm;inl;inc;ipp;xsd</Extensions>
    </Filter>
    <Filter Include="Source Files\Linker">
      <UniqueIdentifier>{b91737e1-a7cf-46a7-92ee-faada580411e}</UniqueIdentifier>
    </Filter>
    <Filter Include="Source Files\RHI">
      <UniqueIdentifier>{fca85f60-8367-44a6-9c70-dd19ce2247ab}</UniqueIdentifier>
    </Filter>
    <Filter Include="Source Files\Utility">
      <UniqueIdentifier>{0f95d041-36e3-46ec-b547-759b793239da}</UniqueIdentifier>
    </Filter>
  </ItemGroup>
  <ItemGroup>
    <ClInclude Include="framework.h">
      <Filter>Win32</Filter>
    </ClInclude>
    <ClInclude Include="stdafx.h">
      <Filter>Source Files</Filter>
    </ClInclude>
    <ClInclude Include="XRBufferVK.h">
      <Filter>Source Files\RHI</Filter>
    </ClInclude>
    <ClInclude Include="XRCommandBufferVK.h">
      <Filter>Source Files\RHI</Filter>
    </ClInclude>
    <ClInclude Include="XRModelVK.h">
      <Filter>Source Files\RHI</Filter>
    </ClInclude>
    <ClInclude Include="XRPipelineVK.h">
      <Filter>Source Files\RHI</Filter>
    </ClInclude>
    <ClInclude Include="XRRenderGroupVK.h">
      <Filter>Source Files\RHI</Filter>
    </ClInclude>
    <ClInclude Include="XRTextureVK.h">
      <Filter>Source Files\RHI</Filter>
    </ClInclude>
    <ClInclude Include="XRSwapchainVK.h">
      <Filter>Source Files\RHI</Filter>
    </ClInclude>
    <ClInclude Include="XRVulkanCommon.h">
      <Filter>Source Files\Utility</Filter>
    </ClInclude>
  </ItemGroup>
  <ItemGroup>
    <ClCompile Include="stdafx.cpp">
      <Filter>Source Files</Filter>
    </ClCompile>
    <ClCompile Include="dllmain.cpp">
      <Filter>Win32</Filter>
    </ClCompile>
    <ClCompile Include="XRRenderEngineVK.cpp">
      <Filter>Source Files\Linker</Filter>
    </ClCompile>
    <ClCompile Include="XRBufferVK.cpp">
      <Filter>Source Files\RHI</Filter>
    </ClCompile>
    <ClCompile Include="XRCommandBufferVK.cpp">
      <Filter>Source Files\RHI</Filter>
    </ClCompile>
    <ClCompile Include="XRModelVK.cpp">
      <Filter>Source Files\RHI</Filter>
    </ClCompile>
    <ClCompile Include="XRPipelineVK.cpp">
      <Filter>Source Files\RHI</Filter>
    </ClCompile>
    <ClCompile Include="XRRenderGroupVK.cpp">
      <Filter>Source Files\RHI</Filter>
    </ClCompile>
    <ClCompile Include="XRTextureVK.cpp">
      <Filter>Source Files\RHI</Filter>
    </ClCompile>
    <ClCompile Include="XRSwapchainVK.cpp">
      <Filter>Source Files\RHI</Filter>
    </ClCompile>
    <ClCompile Include="XRVulkanCommon.cpp">
      <Filter>Source Files\Utility</Filter>
    </ClCompile>
    <ClCompile Include="XRDebugVK.cpp">
      <Filter>Source Files\Utility</Filter>
    </ClCompile>
  </ItemGroup>
</Project>