<?xml version="1.0" encoding="utf-8"?>
<Project ToolsVersion="4.0" xmlns="http://schemas.microsoft.com/developer/msbuild/2003">
  <ItemGroup>
    <Filter Include="소스 파일">
      <UniqueIdentifier>{4FC737F1-C7A5-4376-A066-2A32D752A2FF}</UniqueIdentifier>
      <Extensions>cpp;c;cc;cxx;def;odl;idl;hpj;bat;asm;asmx</Extensions>
    </Filter>
    <Filter Include="리소스 파일">
      <UniqueIdentifier>{67DA6AB6-F800-4c08-8B7A-83BB121AAD01}</UniqueIdentifier>
      <Extensions>rc;ico;cur;bmp;dlg;rc2;rct;bin;rgs;gif;jpg;jpeg;jpe;resx;tiff;tif;png;wav;mfcribbon-ms</Extensions>
    </Filter>
    <Filter Include="소스 파일\Scene">
      <UniqueIdentifier>{97ad5759-0558-4795-83ee-37e27b17fd61}</UniqueIdentifier>
    </Filter>
    <Filter Include="소스 파일\Resource">
      <UniqueIdentifier>{333265a2-5f24-47a6-9e84-5200d3ab963b}</UniqueIdentifier>
    </Filter>
    <Filter Include="소스 파일\Object">
      <UniqueIdentifier>{8e12d167-1e2e-41ec-ab86-b5433cdbfd4f}</UniqueIdentifier>
    </Filter>
    <Filter Include="소스 파일\Resource\Body">
      <UniqueIdentifier>{e0707604-e854-4f17-adb5-6b25e0d85360}</UniqueIdentifier>
    </Filter>
    <Filter Include="소스 파일\Engine">
      <UniqueIdentifier>{d840f0e6-58ba-460a-a30f-dc3e2d8fe597}</UniqueIdentifier>
    </Filter>
    <Filter Include="소스 파일\Engine\Render">
      <UniqueIdentifier>{5c950f1f-bdd2-415e-a72c-e92660524da8}</UniqueIdentifier>
    </Filter>
    <Filter Include="소스 파일\Resource\Material">
      <UniqueIdentifier>{75fbaaaf-afc4-44b6-93f1-61584068342b}</UniqueIdentifier>
    </Filter>
    <Filter Include="소스 파일\Utility">
      <UniqueIdentifier>{5692d764-d573-4d2f-90a8-4401daff921d}</UniqueIdentifier>
    </Filter>
    <Filter Include="Win32">
      <UniqueIdentifier>{242f1aaf-3f06-4ae1-88c7-99e822f61c04}</UniqueIdentifier>
    </Filter>
    <Filter Include="소스 파일\Platform">
      <UniqueIdentifier>{4bd694c2-2bac-4996-b444-11985e8d125b}</UniqueIdentifier>
    </Filter>
    <Filter Include="소스 파일\Engine\Render\Linker">
      <UniqueIdentifier>{f3b24feb-c8c9-42c0-bdfc-03daee2298b3}</UniqueIdentifier>
    </Filter>
    <Filter Include="소스 파일\Resource\ModelData">
      <UniqueIdentifier>{2f5b8f1a-fecf-44b2-af0a-aadf37706622}</UniqueIdentifier>
    </Filter>
    <Filter Include="소스 파일\Resource\TextureData">
      <UniqueIdentifier>{d90bb26b-020c-4aa1-9c99-09e3ca6b31a3}</UniqueIdentifier>
    </Filter>
    <Filter Include="소스 파일\Engine\Physics">
      <UniqueIdentifier>{61eaea27-3f98-48dc-98b3-21e4e21d4750}</UniqueIdentifier>
    </Filter>
    <Filter Include="소스 파일\Engine\Physics\Linker">
      <UniqueIdentifier>{88c3ed47-f865-4266-8a1d-a1e7dc9e26a0}</UniqueIdentifier>
    </Filter>
    <Filter Include="소스 파일\Engine\Render\Common">
      <UniqueIdentifier>{4aa13904-baf5-42dc-b1cd-8c1b5d93e744}</UniqueIdentifier>
    </Filter>
    <Filter Include="소스 파일\Engine\Render\Backends">
      <UniqueIdentifier>{c80694cf-502d-4500-83ae-b58e4cd6c580}</UniqueIdentifier>
    </Filter>
    <Filter Include="소스 파일\Utility\Parser">
      <UniqueIdentifier>{01296f5a-d18d-414b-89ad-7ef6602ed1af}</UniqueIdentifier>
    </Filter>
    <Filter Include="소스 파일\Engine\Heterogeneous">
      <UniqueIdentifier>{9aa3936d-479c-465d-a395-2cad97d22a38}</UniqueIdentifier>
    </Filter>
    <Filter Include="소스 파일\Engine\Heterogeneous\GPU">
      <UniqueIdentifier>{744fa485-baf7-4e62-97ac-6c4b7e5593bc}</UniqueIdentifier>
    </Filter>
    <Filter Include="소스 파일\Engine\Heterogeneous\GPU\Pipeline">
      <UniqueIdentifier>{be32a507-8bf8-4365-9ef4-54c7f51b818a}</UniqueIdentifier>
    </Filter>
    <Filter Include="소스 파일\Engine\Heterogeneous\GPU\Permutation">
      <UniqueIdentifier>{f5c16d4f-2ce1-41b5-a1ba-df558f1695bd}</UniqueIdentifier>
    </Filter>
    <Filter Include="소스 파일\Engine\Heterogeneous\SourceBuildSystem">
      <UniqueIdentifier>{268da5eb-40a9-47e7-a9ad-94f23d359b43}</UniqueIdentifier>
    </Filter>
    <Filter Include="소스 파일\Engine\Heterogeneous\SourceBuildSystem\Linker">
      <UniqueIdentifier>{292b8401-c4f9-4cee-a9ab-a3b45efda3e2}</UniqueIdentifier>
    </Filter>
    <Filter Include="소스 파일\Engine\Heterogeneous\DeviceSystem">
      <UniqueIdentifier>{1dc3e832-9dfd-430b-afce-5f210d0a38ae}</UniqueIdentifier>
    </Filter>
  </ItemGroup>
  <ItemGroup>
    <ClInclude Include="XRWavefrontMaterial.h">
      <Filter>소스 파일\Resource\Material</Filter>
    </ClInclude>
    <ClInclude Include="XRUtility.h">
      <Filter>소스 파일\Utility</Filter>
    </ClInclude>
    <ClInclude Include="XRObject.h">
      <Filter>소스 파일\Object</Filter>
    </ClInclude>
    <ClInclude Include="XRObjectManager.h">
      <Filter>소스 파일\Object</Filter>
    </ClInclude>
    <ClInclude Include="XRBodyData.h">
      <Filter>소스 파일\Resource\Body</Filter>
    </ClInclude>
    <ClInclude Include="XRRigidBody.h">
      <Filter>소스 파일\Resource\Body</Filter>
    </ClInclude>
    <ClInclude Include="XRModelData.h">
      <Filter>소스 파일\Resource\ModelData</Filter>
    </ClInclude>
    <ClInclude Include="XRWavefrontObject.h">
      <Filter>소스 파일\Resource\ModelData</Filter>
    </ClInclude>
    <ClInclude Include="XRLoadable.h">
      <Filter>소스 파일\Resource</Filter>
    </ClInclude>
    <ClInclude Include="XRResourceManager.h">
      <Filter>소스 파일\Resource</Filter>
    </ClInclude>
    <ClInclude Include="XRFrameworkBase.h">
      <Filter>소스 파일</Filter>
    </ClInclude>
    <ClInclude Include="XRGeometry.h">
      <Filter>소스 파일</Filter>
    </ClInclude>
    <ClInclude Include="XRLogging.h">
      <Filter>소스 파일</Filter>
    </ClInclude>
    <ClInclude Include="XRPrimitiveTypes.h">
      <Filter>소스 파일</Filter>
    </ClInclude>
    <ClInclude Include="XRScene.h">
      <Filter>소스 파일</Filter>
    </ClInclude>
    <ClInclude Include="targetver.h">
      <Filter>Win32</Filter>
    </ClInclude>
    <ClInclude Include="stdafx.h">
      <Filter>소스 파일</Filter>
    </ClInclude>
    <ClInclude Include="XRPlatform.h">
      <Filter>소스 파일\Platform</Filter>
    </ClInclude>
    <ClInclude Include="XRTextureData.h">
      <Filter>소스 파일\Resource\TextureData</Filter>
    </ClInclude>
    <ClInclude Include="XRDXTC.h">
      <Filter>소스 파일\Resource\TextureData</Filter>
    </ClInclude>
    <ClInclude Include="XRBmp.h">
      <Filter>소스 파일\Resource\TextureData</Filter>
    </ClInclude>
    <ClInclude Include="XRPlatformWindows.hpp">
      <Filter>소스 파일\Platform</Filter>
    </ClInclude>
    <ClInclude Include="XRBody.h">
      <Filter>소스 파일\Engine\Physics</Filter>
    </ClInclude>
    <ClInclude Include="XRPlatformOSX.hpp">
      <Filter>소스 파일\Platform</Filter>
    </ClInclude>
    <ClInclude Include="XRModel.h">
      <Filter>소스 파일\Engine\Render\Backends</Filter>
    </ClInclude>
    <ClInclude Include="XRTexture.h">
      <Filter>소스 파일\Engine\Render\Backends</Filter>
    </ClInclude>
    <ClInclude Include="XRPipeline.h">
      <Filter>소스 파일\Engine\Render\Backends</Filter>
    </ClInclude>
    <ClInclude Include="XRCommandBuffer.h">
      <Filter>소스 파일\Engine\Render\Backends</Filter>
    </ClInclude>
    <ClInclude Include="XRRenderGroup.h">
      <Filter>소스 파일\Engine\Render\Common</Filter>
    </ClInclude>
    <ClInclude Include="XRRenderCommon.h">
      <Filter>소스 파일\Engine\Render\Common</Filter>
    </ClInclude>
    <ClInclude Include="XRIndexedString.h">
      <Filter>소스 파일\Utility</Filter>
    </ClInclude>
    <ClInclude Include="XRLock.h">
      <Filter>소스 파일\Utility</Filter>
    </ClInclude>
    <ClInclude Include="XRSceneNode.h">
      <Filter>소스 파일\Scene</Filter>
    </ClInclude>
    <ClInclude Include="XRRenderer.h">
      <Filter>소스 파일\Engine\Render</Filter>
    </ClInclude>
    <ClInclude Include="XRLightNode.h">
      <Filter>소스 파일\Scene</Filter>
    </ClInclude>
    <ClInclude Include="XRTransformNode.h">
      <Filter>소스 파일\Scene</Filter>
    </ClInclude>
    <ClInclude Include="XRActorNode.h">
      <Filter>소스 파일\Scene</Filter>
    </ClInclude>
    <ClInclude Include="XRRenderEngine.h">
      <Filter>소스 파일\Engine\Render</Filter>
    </ClInclude>
    <ClInclude Include="XRBuffer.h">
      <Filter>소스 파일\Engine\Render\Backends</Filter>
    </ClInclude>
    <ClInclude Include="XRSerializable.h">
      <Filter>소스 파일</Filter>
    </ClInclude>
    <ClInclude Include="XRReference.h">
      <Filter>소스 파일</Filter>
    </ClInclude>
    <ClInclude Include="XRSourceBuildSystem.h">
      <Filter>소스 파일\Engine\Heterogeneous\SourceBuildSystem</Filter>
    </ClInclude>
    <ClInclude Include="XRDeviceSystem.h">
      <Filter>소스 파일\Engine\Heterogeneous\DeviceSystem</Filter>
    </ClInclude>
    <ClInclude Include="XRRenderEngineLinker.hpp">
      <Filter>소스 파일\Engine\Render\Linker</Filter>
    </ClInclude>
    <ClInclude Include="XRDefault.h" />
    <ClInclude Include="XRSourceBuildSystemLinker.hpp">
      <Filter>소스 파일\Engine\Heterogeneous\SourceBuildSystem\Linker</Filter>
    </ClInclude>
    <ClInclude Include="XRBindCollector.h" />
    <ClInclude Include="XRJson.h" />
    <ClInclude Include="XRSystemLinker.hpp" />
  </ItemGroup>
  <ItemGroup>
    <ClCompile Include="XRFrameworkBase.cpp">
      <Filter>소스 파일</Filter>
    </ClCompile>
    <ClCompile Include="XRScene.cpp">
      <Filter>소스 파일\Scene</Filter>
    </ClCompile>
    <ClCompile Include="XRLoadable.cpp">
      <Filter>소스 파일\Resource</Filter>
    </ClCompile>
    <ClCompile Include="XRModelData.cpp">
      <Filter>소스 파일\Resource\ModelData</Filter>
    </ClCompile>
    <ClCompile Include="XRWavefrontObject.cpp">
      <Filter>소스 파일\Resource\ModelData</Filter>
    </ClCompile>
    <ClCompile Include="XRObjectManager.cpp">
      <Filter>소스 파일\Object</Filter>
    </ClCompile>
    <ClCompile Include="XRResourceManager.cpp">
      <Filter>소스 파일\Resource</Filter>
    </ClCompile>
    <ClCompile Include="dllmain.cpp">
      <Filter>Win32</Filter>
    </ClCompile>
    <ClCompile Include="stdafx.cpp">
      <Filter>Win32</Filter>
    </ClCompile>
    <ClCompile Include="XRTextureData.cpp">
      <Filter>소스 파일\Resource\TextureData</Filter>
    </ClCompile>
    <ClCompile Include="XRDXTC.cpp">
      <Filter>소스 파일\Resource\TextureData</Filter>
    </ClCompile>
    <ClCompile Include="XRBmp.cpp">
      <Filter>소스 파일\Resource\TextureData</Filter>
    </ClCompile>
    <ClCompile Include="XRPlatform.cpp">
      <Filter>소스 파일\Platform</Filter>
    </ClCompile>
    <ClCompile Include="XRBody.cpp">
      <Filter>소스 파일\Engine\Physics</Filter>
    </ClCompile>
    <ClCompile Include="XRIndexedString.cpp">
      <Filter>소스 파일\Utility</Filter>
    </ClCompile>
    <ClCompile Include="XRLock.cpp">
      <Filter>소스 파일\Utility</Filter>
    </ClCompile>
    <ClCompile Include="XRLockWindows.cpp">
      <Filter>소스 파일\Utility</Filter>
    </ClCompile>
    <ClCompile Include="XRSceneNode.cpp">
      <Filter>소스 파일\Scene</Filter>
    </ClCompile>
    <ClCompile Include="XRRenderer.cpp">
      <Filter>소스 파일\Engine\Render</Filter>
    </ClCompile>
    <ClCompile Include="XRLightNode.cpp">
      <Filter>소스 파일\Scene</Filter>
    </ClCompile>
    <ClCompile Include="XRTransformNode.cpp">
      <Filter>소스 파일\Scene</Filter>
    </ClCompile>
    <ClCompile Include="XRActorNode.cpp">
      <Filter>소스 파일\Scene</Filter>
    </ClCompile>
    <ClCompile Include="XRModel.cpp">
      <Filter>소스 파일\Engine\Render\Backends</Filter>
    </ClCompile>
    <ClCompile Include="XRRenderGroup.cpp">
      <Filter>소스 파일\Engine\Render\Common</Filter>
    </ClCompile>
    <ClCompile Include="XRRenderCommon.cpp">
      <Filter>소스 파일\Engine\Render\Common</Filter>
    </ClCompile>
    <ClCompile Include="XRTexture.cpp">
      <Filter>소스 파일\Engine\Render\Backends</Filter>
    </ClCompile>
    <ClCompile Include="XRPipeline.cpp">
      <Filter>소스 파일\Engine\Render\Backends</Filter>
    </ClCompile>
    <ClCompile Include="XRSourceBuildSystem.cpp">
      <Filter>소스 파일\Engine\Heterogeneous\SourceBuildSystem</Filter>
    </ClCompile>
    <ClCompile Include="XRJson.cpp">
      <Filter>소스 파일</Filter>
    </ClCompile>
  </ItemGroup>
  <ItemGroup>
    <Natvis Include="XRFrameworkBase.natvis" />
  </ItemGroup>
</Project>