<?xml version="1.0" encoding="utf-8"?>
<Project ToolsVersion="4.0" xmlns="http://schemas.microsoft.com/developer/msbuild/2003">
  <ItemGroup>
    <Filter Include="소스 파일">
      <UniqueIdentifier>{4FC737F1-C7A5-4376-A066-2A32D752A2FF}</UniqueIdentifier>
      <Extensions>cpp;c;cc;cxx;def;odl;idl;hpj;bat;asm;asmx</Extensions>
    </Filter>
    <Filter Include="헤더 파일">
      <UniqueIdentifier>{93995380-89BD-4b04-88EB-625FBE52EBFB}</UniqueIdentifier>
      <Extensions>h;hh;hpp;hxx;hm;inl;inc;ipp;xsd</Extensions>
    </Filter>
    <Filter Include="리소스 파일">
      <UniqueIdentifier>{67DA6AB6-F800-4c08-8B7A-83BB121AAD01}</UniqueIdentifier>
      <Extensions>rc;ico;cur;bmp;dlg;rc2;rct;bin;rgs;gif;jpg;jpeg;jpe;resx;tiff;tif;png;wav;mfcribbon-ms</Extensions>
    </Filter>
    <Filter Include="소스 파일\Scene">
      <UniqueIdentifier>{97ad5759-0558-4795-83ee-37e27b17fd61}</UniqueIdentifier>
    </Filter>
    <Filter Include="헤더 파일\Object">
      <UniqueIdentifier>{14a9b490-8b53-4b42-8802-49e4e0ded24c}</UniqueIdentifier>
    </Filter>
    <Filter Include="헤더 파일\Resource">
      <UniqueIdentifier>{3e8fec42-b155-4e32-8c9e-e295d6404418}</UniqueIdentifier>
    </Filter>
    <Filter Include="헤더 파일\Resource\Model">
      <UniqueIdentifier>{0bb41082-50b2-4a7b-a61e-9ba73c7d275e}</UniqueIdentifier>
    </Filter>
    <Filter Include="헤더 파일\Resource\Material">
      <UniqueIdentifier>{75fbaaaf-afc4-44b6-93f1-61584068342b}</UniqueIdentifier>
    </Filter>
    <Filter Include="소스 파일\Resource">
      <UniqueIdentifier>{333265a2-5f24-47a6-9e84-5200d3ab963b}</UniqueIdentifier>
    </Filter>
    <Filter Include="소스 파일\Resource\Model">
      <UniqueIdentifier>{2f5b8f1a-fecf-44b2-af0a-aadf37706622}</UniqueIdentifier>
    </Filter>
    <Filter Include="소스 파일\Object">
      <UniqueIdentifier>{8e12d167-1e2e-41ec-ab86-b5433cdbfd4f}</UniqueIdentifier>
    </Filter>
    <Filter Include="소스 파일\Resource\Body">
      <UniqueIdentifier>{e0707604-e854-4f17-adb5-6b25e0d85360}</UniqueIdentifier>
    </Filter>
    <Filter Include="헤더 파일\Resource\Body">
      <UniqueIdentifier>{5218152c-cad6-4671-9c78-f598ee726a28}</UniqueIdentifier>
    </Filter>
    <Filter Include="헤더 파일\Utility">
      <UniqueIdentifier>{5692d764-d573-4d2f-90a8-4401daff921d}</UniqueIdentifier>
    </Filter>
  </ItemGroup>
  <ItemGroup>
    <ClInclude Include="stdafx.h">
      <Filter>헤더 파일</Filter>
    </ClInclude>
    <ClInclude Include="targetver.h">
      <Filter>헤더 파일</Filter>
    </ClInclude>
    <ClInclude Include="XRGeometry.h">
      <Filter>헤더 파일</Filter>
    </ClInclude>
    <ClInclude Include="XRScene.h">
      <Filter>헤더 파일</Filter>
    </ClInclude>
    <ClInclude Include="XRResourceManager.h">
      <Filter>헤더 파일\Resource</Filter>
    </ClInclude>
    <ClInclude Include="XRObject.h">
      <Filter>헤더 파일\Object</Filter>
    </ClInclude>
    <ClInclude Include="XRObjectManager.h">
      <Filter>헤더 파일\Object</Filter>
    </ClInclude>
    <ClInclude Include="XRTexture.h">
      <Filter>헤더 파일\Resource</Filter>
    </ClInclude>
    <ClInclude Include="XRModel.h">
      <Filter>헤더 파일\Resource\Model</Filter>
    </ClInclude>
    <ClInclude Include="XRModelData.h">
      <Filter>헤더 파일\Resource\Model</Filter>
    </ClInclude>
    <ClInclude Include="XRLoadable.h">
      <Filter>헤더 파일\Resource</Filter>
    </ClInclude>
    <ClInclude Include="XRWavefrontObject.h">
      <Filter>헤더 파일\Resource\Model</Filter>
    </ClInclude>
    <ClInclude Include="XRWavefrontMaterial.h">
      <Filter>헤더 파일\Resource\Material</Filter>
    </ClInclude>
    <ClInclude Include="XRSavable.h">
      <Filter>헤더 파일</Filter>
    </ClInclude>
    <ClInclude Include="XRLogging.h">
      <Filter>헤더 파일</Filter>
    </ClInclude>
    <ClInclude Include="XRBody.h">
      <Filter>헤더 파일\Resource\Body</Filter>
    </ClInclude>
    <ClInclude Include="XRBodyData.h">
      <Filter>헤더 파일\Resource\Body</Filter>
    </ClInclude>
    <ClInclude Include="XRRigidBody.h">
      <Filter>헤더 파일\Resource\Body</Filter>
    </ClInclude>
    <ClInclude Include="XRUtility.h">
      <Filter>헤더 파일\Utility</Filter>
    </ClInclude>
  </ItemGroup>
  <ItemGroup>
    <ClCompile Include="stdafx.cpp">
      <Filter>소스 파일</Filter>
    </ClCompile>
    <ClCompile Include="XRFrameworkBase.cpp">
      <Filter>소스 파일</Filter>
    </ClCompile>
    <ClCompile Include="dllmain.cpp">
      <Filter>소스 파일</Filter>
    </ClCompile>
    <ClCompile Include="XRScene.cpp">
      <Filter>소스 파일\Scene</Filter>
    </ClCompile>
    <ClCompile Include="XRLoadable.cpp">
      <Filter>소스 파일\Resource</Filter>
    </ClCompile>
    <ClCompile Include="XRModelData.cpp">
      <Filter>소스 파일\Resource\Model</Filter>
    </ClCompile>
    <ClCompile Include="XRWavefrontObject.cpp">
      <Filter>소스 파일\Resource\Model</Filter>
    </ClCompile>
    <ClCompile Include="XRModel.cpp">
      <Filter>소스 파일\Resource\Model</Filter>
    </ClCompile>
    <ClCompile Include="XRObjectManager.cpp">
      <Filter>소스 파일\Object</Filter>
    </ClCompile>
    <ClCompile Include="XRResourceManager.cpp">
      <Filter>소스 파일\Resource</Filter>
    </ClCompile>
    <ClCompile Include="XRBody.cpp">
      <Filter>소스 파일\Resource\Body</Filter>
    </ClCompile>
  </ItemGroup>
</Project>